
Microsoft Visual Studio Solution File, Format Version 12.00
# Visual Studio Version 17
VisualStudioVersion = 17.3.32819.101
MinimumVisualStudioVersion = 10.0.40219.1
Project("{FAE04EC0-301F-11D3-BF4B-00C04F79EFBC}") = "Calculator", "Calculator\Calculator.csproj", "{66F614EB-214D-4F15-9FE0-D7FCDAA9CBBD}"
EndProject
Global
	GlobalSection(SolutionConfigurationPlatforms) = preSolution
		Debug|Any CPU = Debug|Any CPU
		Release|Any CPU = Release|Any CPU
	EndGlobalSection
	GlobalSection(ProjectConfigurationPlatforms) = postSolution
		{66F614EB-214D-4F15-9FE0-D7FCDAA9CBBD}.Debug|Any CPU.ActiveCfg = Debug|Any CPU
		{66F614EB-214D-4F15-9FE0-D7FCDAA9CBBD}.Debug|Any CPU.Build.0 = Debug|Any CPU
		{66F614EB-214D-4F15-9FE0-D7FCDAA9CBBD}.Release|Any CPU.ActiveCfg = Release|Any CPU
		{66F614EB-214D-4F15-9FE0-D7FCDAA9CBBD}.Release|Any CPU.Build.0 = Release|Any CPU
	EndGlobalSection
	GlobalSection(SolutionProperties) = preSolution
		HideSolutionNode = FALSE
	EndGlobalSection
	GlobalSection(ExtensibilityGlobals) = postSolution
		SolutionGuid = {2A08517D-66D4-4EA2-9F77-3462F8C5413C}
	EndGlobalSection
EndGlobal
